<?xml version="1.0" encoding="utf-8"?>
<Project ToolsVersion="4.0" xmlns="http://schemas.microsoft.com/developer/msbuild/2003">
  <ItemGroup>
    <Filter Include="Form Files">
      <UniqueIdentifier>{99349809-55BA-4b9d-BF79-8FDBB0286EB3}</UniqueIdentifier>
      <Extensions>ui</Extensions>
      <ParseFiles>false</ParseFiles>
    </Filter>
    <Filter Include="Generated Files">
      <UniqueIdentifier>{71ED8ED8-ACB9-4CE9-BBE1-E00B30144E11}</UniqueIdentifier>
      <Extensions>cpp;c;cxx;moc;h;def;odl;idl;res;</Extensions>
    </Filter>
    <Filter Include="Source Files">
      <UniqueIdentifier>{4FC737F1-C7A5-4376-A066-2A32D752A2FF}</UniqueIdentifier>
      <Extensions>cpp;c;cxx;def;odl;idl;hpj;bat;asm;asmx</Extensions>
    </Filter>
    <Filter Include="Form Files\resources">
      <UniqueIdentifier>{437402e3-c808-4bd8-86db-63fe7c93548d}</UniqueIdentifier>
    </Filter>
    <Filter Include="Form Files\resources\ui">
      <UniqueIdentifier>{82f50a50-a9a3-4abe-a9cd-b432ee40cdc7}</UniqueIdentifier>
    </Filter>
    <Filter Include="Generated Files">
      <UniqueIdentifier>{71ED8ED8-ACB9-4CE9-BBE1-E00B30144E11}</UniqueIdentifier>
      <Extensions>moc;h;cpp</Extensions>
      <ParseFiles>true</ParseFiles>
    </Filter>
    <Filter Include="Header Files">
      <UniqueIdentifier>{93995380-89BD-4b04-88EB-625FBE52EBFB}</UniqueIdentifier>
      <Extensions>h;hpp;hxx;hm;inl;inc;xsd</Extensions>
    </Filter>
    <Filter Include="Generated Files\Debug_Win32">
      <UniqueIdentifier>{c6ef7112-2536-4506-b16b-5c6b38e22901}</UniqueIdentifier>
      <Extensions>cpp;moc</Extensions>
      <SourceControlFiles>False</SourceControlFiles>
    </Filter>
    <Filter Include="Generated Files\Release_Win32">
      <UniqueIdentifier>{45c3ac42-f3e0-4b4f-88d7-44ce47a69f5d}</UniqueIdentifier>
      <Extensions>cpp;moc</Extensions>
      <SourceControlFiles>False</SourceControlFiles>
    </Filter>
    <Filter Include="Generated Files\Debug_x64">
      <UniqueIdentifier>{94e7d2ce-0622-41f3-97e2-9d42be044eee}</UniqueIdentifier>
      <Extensions>cpp;moc</Extensions>
      <SourceControlFiles>False</SourceControlFiles>
    </Filter>
    <Filter Include="Generated Files\Release_x64">
      <UniqueIdentifier>{aaea9312-1b9f-4e96-b096-5015704206fe}</UniqueIdentifier>
      <Extensions>cpp;moc</Extensions>
      <SourceControlFiles>False</SourceControlFiles>
    </Filter>
    <Filter Include="Source Files\gui">
      <UniqueIdentifier>{c5b5913e-53a8-4a9e-a5ab-14455467822b}</UniqueIdentifier>
    </Filter>
    <Filter Include="Header Files\gui">
      <UniqueIdentifier>{f93779e5-404d-4259-9715-d26c95ca9f51}</UniqueIdentifier>
    </Filter>
    <Filter Include="Resource Files">
      <UniqueIdentifier>{D9D6E242-F8AF-46E4-B9FD-80ECBC20BA3E}</UniqueIdentifier>
      <Extensions>qrc;*</Extensions>
      <ParseFiles>false</ParseFiles>
    </Filter>
    <Filter Include="Header Files\gui\worker">
      <UniqueIdentifier>{e90ce53f-72bf-4f00-91d3-f910830b6794}</UniqueIdentifier>
    </Filter>
    <Filter Include="Source Files\gui\worker">
      <UniqueIdentifier>{5a62f67b-abda-4f98-ba1c-e434b87bcfd1}</UniqueIdentifier>
    </Filter>
  </ItemGroup>
  <ItemGroup>
    <ClCompile Include="..\src\gui\streaming_dload_window.cpp">
      <Filter>Source Files\gui</Filter>
    </ClCompile>
    <ClCompile Include="..\src\gui\application.cpp">
      <Filter>Source Files\gui</Filter>
    </ClCompile>
    <ClCompile Include="..\src\streaming_dload.cpp">
      <Filter>Source Files</Filter>
    </ClCompile>
    <ClCompile Include="..\build\$(PlatformName)-$(ConfigurationName)\generated\qrc_streaming_dload.cpp">
      <Filter>Generated Files</Filter>
    </ClCompile>
    <ClCompile Include="..\build\Win32-Debug\generated\moc_streaming_dload_window.cpp">
      <Filter>Generated Files\Debug_Win32</Filter>
    </ClCompile>
    <ClCompile Include="..\build\x64-Debug\generated\moc_streaming_dload_window.cpp">
      <Filter>Generated Files\Debug_x64</Filter>
    </ClCompile>
    <ClCompile Include="..\build\Win32-Release\generated\moc_streaming_dload_window.cpp">
      <Filter>Generated Files\Release_Win32</Filter>
    </ClCompile>
    <ClCompile Include="..\build\x64-Release\generated\moc_streaming_dload_window.cpp">
      <Filter>Generated Files\Release_x64</Filter>
    </ClCompile>
    <ClCompile Include="..\build\Win32-Debug\generated\moc_streaming_dload_read_worker.cpp">
      <Filter>Generated Files\Debug_Win32</Filter>
    </ClCompile>
    <ClCompile Include="..\build\x64-Debug\generated\moc_streaming_dload_read_worker.cpp">
      <Filter>Generated Files\Debug_x64</Filter>
    </ClCompile>
    <ClCompile Include="..\build\Win32-Release\generated\moc_streaming_dload_read_worker.cpp">
      <Filter>Generated Files\Release_Win32</Filter>
    </ClCompile>
    <ClCompile Include="..\build\x64-Release\generated\moc_streaming_dload_read_worker.cpp">
      <Filter>Generated Files\Release_x64</Filter>
    </ClCompile>
    <ClCompile Include="..\build\Win32-Debug\generated\moc_streaming_dload_stream_write_worker.cpp">
      <Filter>Generated Files\Debug_Win32</Filter>
    </ClCompile>
    <ClCompile Include="..\build\x64-Debug\generated\moc_streaming_dload_stream_write_worker.cpp">
      <Filter>Generated Files\Debug_x64</Filter>
    </ClCompile>
    <ClCompile Include="..\build\Win32-Release\generated\moc_streaming_dload_stream_write_worker.cpp">
      <Filter>Generated Files\Release_Win32</Filter>
    </ClCompile>
    <ClCompile Include="..\build\x64-Release\generated\moc_streaming_dload_stream_write_worker.cpp">
      <Filter>Generated Files\Release_x64</Filter>
    </ClCompile>
    <ClCompile Include="..\src\gui\worker\streaming_dload_read_worker.cpp">
      <Filter>Source Files\gui\worker</Filter>
    </ClCompile>
    <ClCompile Include="..\src\gui\worker\streaming_dload_stream_write_worker.cpp">
      <Filter>Source Files\gui\worker</Filter>
    </ClCompile>
  </ItemGroup>
  <ItemGroup>
    <ClInclude Include="..\build\$(PlatformName)-$(ConfigurationName)\generated\ui_streaming_dload_window.h">
      <Filter>Generated Files</Filter>
    </ClInclude>
    <ClInclude Include="..\src\gui\application.h">
      <Filter>Header Files\gui</Filter>
    </ClInclude>
  </ItemGroup>
  <ItemGroup>
    <CustomBuild Include="..\resources\ui\streaming_dload_window.ui">
      <Filter>Form Files\resources\ui</Filter>
    </CustomBuild>
    <CustomBuild Include="..\src\gui\streaming_dload_window.h">
      <Filter>Header Files\gui</Filter>
    </CustomBuild>
    <CustomBuild Include="..\resources\streaming_dload.qrc">
      <Filter>Resource Files</Filter>
    </CustomBuild>
    <CustomBuild Include="..\src\gui\worker\streaming_dload_read_worker.h">
      <Filter>Header Files\gui\worker</Filter>
    </CustomBuild>
    <CustomBuild Include="..\src\gui\worker\streaming_dload_stream_write_worker.h">
      <Filter>Header Files\gui\worker</Filter>
    </CustomBuild>
  </ItemGroup>
</Project>